
Microsoft Visual Studio Solution File, Format Version 12.00
# Visual Studio Version 17
VisualStudioVersion = 17.11.35219.272
MinimumVisualStudioVersion = 10.0.40219.1
Project("{FAE04EC0-301F-11D3-BF4B-00C04F79EFBC}") = "baitap02", "baitap02\baitap02.csproj", "{04DBFE47-EE3D-47E3-AB7F-4E4967161CF2}"
EndProject
Global
	GlobalSection(SolutionConfigurationPlatforms) = preSolution
		Debug|Any CPU = Debug|Any CPU
		Release|Any CPU = Release|Any CPU
	EndGlobalSection
	GlobalSection(ProjectConfigurationPlatforms) = postSolution
		{04DBFE47-EE3D-47E3-AB7F-4E4967161CF2}.Debug|Any CPU.ActiveCfg = Debug|Any CPU
		{04DBFE47-EE3D-47E3-AB7F-4E4967161CF2}.Debug|Any CPU.Build.0 = Debug|Any CPU
		{04DBFE47-EE3D-47E3-AB7F-4E4967161CF2}.Release|Any CPU.ActiveCfg = Release|Any CPU
		{04DBFE47-EE3D-47E3-AB7F-4E4967161CF2}.Release|Any CPU.Build.0 = Release|Any CPU
	EndGlobalSection
	GlobalSection(SolutionProperties) = preSolution
		HideSolutionNode = FALSE
	EndGlobalSection
	GlobalSection(ExtensibilityGlobals) = postSolution
		SolutionGuid = {688C9567-FD23-4E33-AC99-A71C67ECC238}
	EndGlobalSection
EndGlobal
