
Microsoft Visual Studio Solution File, Format Version 12.00
# Visual Studio Version 17
VisualStudioVersion = 17.11.35219.272
MinimumVisualStudioVersion = 10.0.40219.1
Project("{FAE04EC0-301F-11D3-BF4B-00C04F79EFBC}") = "baitap03", "baitap03\baitap03.csproj", "{76248ED3-1CDA-4775-93E7-F60C5A117861}"
EndProject
Global
	GlobalSection(SolutionConfigurationPlatforms) = preSolution
		Debug|Any CPU = Debug|Any CPU
		Release|Any CPU = Release|Any CPU
	EndGlobalSection
	GlobalSection(ProjectConfigurationPlatforms) = postSolution
		{76248ED3-1CDA-4775-93E7-F60C5A117861}.Debug|Any CPU.ActiveCfg = Debug|Any CPU
		{76248ED3-1CDA-4775-93E7-F60C5A117861}.Debug|Any CPU.Build.0 = Debug|Any CPU
		{76248ED3-1CDA-4775-93E7-F60C5A117861}.Release|Any CPU.ActiveCfg = Release|Any CPU
		{76248ED3-1CDA-4775-93E7-F60C5A117861}.Release|Any CPU.Build.0 = Release|Any CPU
	EndGlobalSection
	GlobalSection(SolutionProperties) = preSolution
		HideSolutionNode = FALSE
	EndGlobalSection
	GlobalSection(ExtensibilityGlobals) = postSolution
		SolutionGuid = {89ED36EB-5B52-44AB-AFB8-757989F48F53}
	EndGlobalSection
EndGlobal
