
Microsoft Visual Studio Solution File, Format Version 12.00
# Visual Studio Version 17
VisualStudioVersion = 17.11.35219.272
MinimumVisualStudioVersion = 10.0.40219.1
Project("{FAE04EC0-301F-11D3-BF4B-00C04F79EFBC}") = "baitap04", "baitap04\baitap04.csproj", "{8114C151-68F1-401E-BB80-34A0E22E2480}"
EndProject
Global
	GlobalSection(SolutionConfigurationPlatforms) = preSolution
		Debug|Any CPU = Debug|Any CPU
		Release|Any CPU = Release|Any CPU
	EndGlobalSection
	GlobalSection(ProjectConfigurationPlatforms) = postSolution
		{8114C151-68F1-401E-BB80-34A0E22E2480}.Debug|Any CPU.ActiveCfg = Debug|Any CPU
		{8114C151-68F1-401E-BB80-34A0E22E2480}.Debug|Any CPU.Build.0 = Debug|Any CPU
		{8114C151-68F1-401E-BB80-34A0E22E2480}.Release|Any CPU.ActiveCfg = Release|Any CPU
		{8114C151-68F1-401E-BB80-34A0E22E2480}.Release|Any CPU.Build.0 = Release|Any CPU
	EndGlobalSection
	GlobalSection(SolutionProperties) = preSolution
		HideSolutionNode = FALSE
	EndGlobalSection
	GlobalSection(ExtensibilityGlobals) = postSolution
		SolutionGuid = {D5F7840E-6377-4203-B500-4D55DD212EC6}
	EndGlobalSection
EndGlobal
